// !$*UTF8*$!
{
	archiveVersion = 1;
	classes = {
	};
	objectVersion = 55;
	objects = {

/* Begin PBXBuildFile section */
		F738244927AC47890023CE33 /* SwiftUIWebP5jsApp.swift in Sources */ = {isa = PBXBuildFile; fileRef = F738243927AC47880023CE33 /* SwiftUIWebP5jsApp.swift */; };
		F738244A27AC47890023CE33 /* SwiftUIWebP5jsApp.swift in Sources */ = {isa = PBXBuildFile; fileRef = F738243927AC47880023CE33 /* SwiftUIWebP5jsApp.swift */; };
		F738244B27AC47890023CE33 /* ContentView.swift in Sources */ = {isa = PBXBuildFile; fileRef = F738243A27AC47880023CE33 /* ContentView.swift */; };
		F738244C27AC47890023CE33 /* ContentView.swift in Sources */ = {isa = PBXBuildFile; fileRef = F738243A27AC47880023CE33 /* ContentView.swift */; };
		F738244D27AC47890023CE33 /* Assets.xcassets in Resources */ = {isa = PBXBuildFile; fileRef = F738243B27AC47880023CE33 /* Assets.xcassets */; };
		F738244E27AC47890023CE33 /* Assets.xcassets in Resources */ = {isa = PBXBuildFile; fileRef = F738243B27AC47880023CE33 /* Assets.xcassets */; };
		F738245827AC48050023CE33 /* WebView.swift in Sources */ = {isa = PBXBuildFile; fileRef = F738245727AC48050023CE33 /* WebView.swift */; };
		F738245927AC48050023CE33 /* WebView.swift in Sources */ = {isa = PBXBuildFile; fileRef = F738245727AC48050023CE33 /* WebView.swift */; };
		F755732A27ADCB7B00188C7B /* p5.js in Resources */ = {isa = PBXBuildFile; fileRef = F755732627ADCB3C00188C7B /* p5.js */; };
		F755732B27ADCB8300188C7B /* sketch.js in Resources */ = {isa = PBXBuildFile; fileRef = F755732527ADCB3C00188C7B /* sketch.js */; };
		F755732C27ADCB8300188C7B /* index.html in Resources */ = {isa = PBXBuildFile; fileRef = F755732427ADCB3C00188C7B /* index.html */; };
/* End PBXBuildFile section */

/* Begin PBXFileReference section */
		F738243927AC47880023CE33 /* SwiftUIWebP5jsApp.swift */ = {isa = PBXFileReference; lastKnownFileType = sourcecode.swift; path = SwiftUIWebP5jsApp.swift; sourceTree = "<group>"; };
		F738243A27AC47880023CE33 /* ContentView.swift */ = {isa = PBXFileReference; lastKnownFileType = sourcecode.swift; path = ContentView.swift; sourceTree = "<group>"; };
		F738243B27AC47880023CE33 /* Assets.xcassets */ = {isa = PBXFileReference; lastKnownFileType = folder.assetcatalog; path = Assets.xcassets; sourceTree = "<group>"; };
		F738244027AC47880023CE33 /* SwiftUIWebP5js.app */ = {isa = PBXFileReference; explicitFileType = wrapper.application; includeInIndex = 0; path = SwiftUIWebP5js.app; sourceTree = BUILT_PRODUCTS_DIR; };
		F738244627AC47890023CE33 /* SwiftUIWebP5js.app */ = {isa = PBXFileReference; explicitFileType = wrapper.application; includeInIndex = 0; path = SwiftUIWebP5js.app; sourceTree = BUILT_PRODUCTS_DIR; };
		F738244827AC47890023CE33 /* macOS.entitlements */ = {isa = PBXFileReference; lastKnownFileType = text.plist.entitlements; path = macOS.entitlements; sourceTree = "<group>"; };
		F738245727AC48050023CE33 /* WebView.swift */ = {isa = PBXFileReference; lastKnownFileType = sourcecode.swift; path = WebView.swift; sourceTree = "<group>"; };
		F755732427ADCB3C00188C7B /* index.html */ = {isa = PBXFileReference; fileEncoding = 4; lastKnownFileType = text.html; path = index.html; sourceTree = "<group>"; };
		F755732527ADCB3C00188C7B /* sketch.js */ = {isa = PBXFileReference; fileEncoding = 4; lastKnownFileType = sourcecode.javascript; path = sketch.js; sourceTree = "<group>"; };
		F755732627ADCB3C00188C7B /* p5.js */ = {isa = PBXFileReference; fileEncoding = 4; lastKnownFileType = sourcecode.javascript; path = p5.js; sourceTree = "<group>"; };
/* End PBXFileReference section */

/* Begin PBXFrameworksBuildPhase section */
		F738243D27AC47880023CE33 /* Frameworks */ = {
			isa = PBXFrameworksBuildPhase;
			buildActionMask = 2147483647;
			files = (
			);
			runOnlyForDeploymentPostprocessing = 0;
		};
		F738244327AC47890023CE33 /* Frameworks */ = {
			isa = PBXFrameworksBuildPhase;
			buildActionMask = 2147483647;
			files = (
			);
			runOnlyForDeploymentPostprocessing = 0;
		};
/* End PBXFrameworksBuildPhase section */

/* Begin PBXGroup section */
		F738243327AC47880023CE33 = {
			isa = PBXGroup;
			children = (
				F755732327ADCB3C00188C7B /* www */,
				F755732627ADCB3C00188C7B /* p5.js */,
				F738243827AC47880023CE33 /* Shared */,
				F738244727AC47890023CE33 /* macOS */,
				F738244127AC47880023CE33 /* Products */,
			);
			sourceTree = "<group>";
		};
		F738243827AC47880023CE33 /* Shared */ = {
			isa = PBXGroup;
			children = (
				F738243927AC47880023CE33 /* SwiftUIWebP5jsApp.swift */,
				F738243A27AC47880023CE33 /* ContentView.swift */,
				F738245727AC48050023CE33 /* WebView.swift */,
				F738243B27AC47880023CE33 /* Assets.xcassets */,
			);
			path = Shared;
			sourceTree = "<group>";
		};
		F738244127AC47880023CE33 /* Products */ = {
			isa = PBXGroup;
			children = (
				F738244027AC47880023CE33 /* SwiftUIWebP5js.app */,
				F738244627AC47890023CE33 /* SwiftUIWebP5js.app */,
			);
			name = Products;
			sourceTree = "<group>";
		};
		F738244727AC47890023CE33 /* macOS */ = {
			isa = PBXGroup;
			children = (
				F738244827AC47890023CE33 /* macOS.entitlements */,
			);
			path = macOS;
			sourceTree = "<group>";
		};
		F755732327ADCB3C00188C7B /* www */ = {
			isa = PBXGroup;
			children = (
				F755732427ADCB3C00188C7B /* index.html */,
				F755732527ADCB3C00188C7B /* sketch.js */,
			);
			path = www;
			sourceTree = "<group>";
		};
/* End PBXGroup section */

/* Begin PBXNativeTarget section */
		F738243F27AC47880023CE33 /* SwiftUIWebP5js (iOS) */ = {
			isa = PBXNativeTarget;
			buildConfigurationList = F738245127AC47890023CE33 /* Build configuration list for PBXNativeTarget "SwiftUIWebP5js (iOS)" */;
			buildPhases = (
				F738243C27AC47880023CE33 /* Sources */,
				F738243D27AC47880023CE33 /* Frameworks */,
				F738243E27AC47880023CE33 /* Resources */,
			);
			buildRules = (
			);
			dependencies = (
			);
			name = "SwiftUIWebP5js (iOS)";
			productName = "SwiftUIWebP5js (iOS)";
			productReference = F738244027AC47880023CE33 /* SwiftUIWebP5js.app */;
			productType = "com.apple.product-type.application";
		};
		F738244527AC47890023CE33 /* SwiftUIWebP5js (macOS) */ = {
			isa = PBXNativeTarget;
			buildConfigurationList = F738245427AC47890023CE33 /* Build configuration list for PBXNativeTarget "SwiftUIWebP5js (macOS)" */;
			buildPhases = (
				F738244227AC47890023CE33 /* Sources */,
				F738244327AC47890023CE33 /* Frameworks */,
				F738244427AC47890023CE33 /* Resources */,
			);
			buildRules = (
			);
			dependencies = (
			);
			name = "SwiftUIWebP5js (macOS)";
			productName = "SwiftUIWebP5js (macOS)";
			productReference = F738244627AC47890023CE33 /* SwiftUIWebP5js.app */;
			productType = "com.apple.product-type.application";
		};
/* End PBXNativeTarget section */

/* Begin PBXProject section */
		F738243427AC47880023CE33 /* Project object */ = {
			isa = PBXProject;
			attributes = {
				BuildIndependentTargetsInParallel = 1;
				LastSwiftUpdateCheck = 1310;
				LastUpgradeCheck = 1310;
				TargetAttributes = {
					F738243F27AC47880023CE33 = {
						CreatedOnToolsVersion = 13.1;
					};
					F738244527AC47890023CE33 = {
						CreatedOnToolsVersion = 13.1;
					};
				};
			};
			buildConfigurationList = F738243727AC47880023CE33 /* Build configuration list for PBXProject "SwiftUIWebP5js" */;
			compatibilityVersion = "Xcode 13.0";
			developmentRegion = en;
			hasScannedForEncodings = 0;
			knownRegions = (
				en,
				Base,
			);
			mainGroup = F738243327AC47880023CE33;
			productRefGroup = F738244127AC47880023CE33 /* Products */;
			projectDirPath = "";
			projectRoot = "";
			targets = (
				F738243F27AC47880023CE33 /* SwiftUIWebP5js (iOS) */,
				F738244527AC47890023CE33 /* SwiftUIWebP5js (macOS) */,
			);
		};
/* End PBXProject section */

/* Begin PBXResourcesBuildPhase section */
		F738243E27AC47880023CE33 /* Resources */ = {
			isa = PBXResourcesBuildPhase;
			buildActionMask = 2147483647;
			files = (
				F738244D27AC47890023CE33 /* Assets.xcassets in Resources */,
			);
			runOnlyForDeploymentPostprocessing = 0;
		};
		F738244427AC47890023CE33 /* Resources */ = {
			isa = PBXResourcesBuildPhase;
			buildActionMask = 2147483647;
			files = (
				F738244E27AC47890023CE33 /* Assets.xcassets in Resources */,
				F755732C27ADCB8300188C7B /* index.html in Resources */,
				F755732B27ADCB8300188C7B /* sketch.js in Resources */,
				F755732A27ADCB7B00188C7B /* p5.js in Resources */,
			);
			runOnlyForDeploymentPostprocessing = 0;
		};
/* End PBXResourcesBuildPhase section */

/* Begin PBXSourcesBuildPhase section */
		F738243C27AC47880023CE33 /* Sources */ = {
			isa = PBXSourcesBuildPhase;
			buildActionMask = 2147483647;
			files = (
				F738245827AC48050023CE33 /* WebView.swift in Sources */,
				F738244B27AC47890023CE33 /* ContentView.swift in Sources */,
				F738244927AC47890023CE33 /* SwiftUIWebP5jsApp.swift in Sources */,
			);
			runOnlyForDeploymentPostprocessing = 0;
		};
		F738244227AC47890023CE33 /* Sources */ = {
			isa = PBXSourcesBuildPhase;
			buildActionMask = 2147483647;
			files = (
				F738245927AC48050023CE33 /* WebView.swift in Sources */,
				F738244C27AC47890023CE33 /* ContentView.swift in Sources */,
				F738244A27AC47890023CE33 /* SwiftUIWebP5jsApp.swift in Sources */,
			);
			runOnlyForDeploymentPostprocessing = 0;
		};
/* End PBXSourcesBuildPhase section */

/* Begin XCBuildConfiguration section */
		F738244F27AC47890023CE33 /* Debug */ = {
			isa = XCBuildConfiguration;
			buildSettings = {
				ALWAYS_SEARCH_USER_PATHS = NO;
				CLANG_ANALYZER_NONNULL = YES;
				CLANG_ANALYZER_NUMBER_OBJECT_CONVERSION = YES_AGGRESSIVE;
				CLANG_CXX_LANGUAGE_STANDARD = "gnu++17";
				CLANG_CXX_LIBRARY = "libc++";
				CLANG_ENABLE_MODULES = YES;
				CLANG_ENABLE_OBJC_ARC = YES;
				CLANG_ENABLE_OBJC_WEAK = YES;
				CLANG_WARN_BLOCK_CAPTURE_AUTORELEASING = YES;
				CLANG_WARN_BOOL_CONVERSION = YES;
				CLANG_WARN_COMMA = YES;
				CLANG_WARN_CONSTANT_CONVERSION = YES;
				CLANG_WARN_DEPRECATED_OBJC_IMPLEMENTATIONS = YES;
				CLANG_WARN_DIRECT_OBJC_ISA_USAGE = YES_ERROR;
				CLANG_WARN_DOCUMENTATION_COMMENTS = YES;
				CLANG_WARN_EMPTY_BODY = YES;
				CLANG_WARN_ENUM_CONVERSION = YES;
				CLANG_WARN_INFINITE_RECURSION = YES;
				CLANG_WARN_INT_CONVERSION = YES;
				CLANG_WARN_NON_LITERAL_NULL_CONVERSION = YES;
				CLANG_WARN_OBJC_IMPLICIT_RETAIN_SELF = YES;
				CLANG_WARN_OBJC_LITERAL_CONVERSION = YES;
				CLANG_WARN_OBJC_ROOT_CLASS = YES_ERROR;
				CLANG_WARN_QUOTED_INCLUDE_IN_FRAMEWORK_HEADER = YES;
				CLANG_WARN_RANGE_LOOP_ANALYSIS = YES;
				CLANG_WARN_STRICT_PROTOTYPES = YES;
				CLANG_WARN_SUSPICIOUS_MOVE = YES;
				CLANG_WARN_UNGUARDED_AVAILABILITY = YES_AGGRESSIVE;
				CLANG_WARN_UNREACHABLE_CODE = YES;
				CLANG_WARN__DUPLICATE_METHOD_MATCH = YES;
				COPY_PHASE_STRIP = NO;
				DEBUG_INFORMATION_FORMAT = dwarf;
				ENABLE_STRICT_OBJC_MSGSEND = YES;
				ENABLE_TESTABILITY = YES;
				GCC_C_LANGUAGE_STANDARD = gnu11;
				GCC_DYNAMIC_NO_PIC = NO;
				GCC_NO_COMMON_BLOCKS = YES;
				GCC_OPTIMIZATION_LEVEL = 0;
				GCC_PREPROCESSOR_DEFINITIONS = (
					"DEBUG=1",
					"$(inherited)",
				);
				GCC_WARN_64_TO_32_BIT_CONVERSION = YES;
				GCC_WARN_ABOUT_RETURN_TYPE = YES_ERROR;
				GCC_WARN_UNDECLARED_SELECTOR = YES;
				GCC_WARN_UNINITIALIZED_AUTOS = YES_AGGRESSIVE;
				GCC_WARN_UNUSED_FUNCTION = YES;
				GCC_WARN_UNUSED_VARIABLE = YES;
				MTL_ENABLE_DEBUG_INFO = INCLUDE_SOURCE;
				MTL_FAST_MATH = YES;
				ONLY_ACTIVE_ARCH = YES;
				SWIFT_ACTIVE_COMPILATION_CONDITIONS = DEBUG;
				SWIFT_OPTIMIZATION_LEVEL = "-Onone";
			};
			name = Debug;
		};
		F738245027AC47890023CE33 /* Release */ = {
			isa = XCBuildConfiguration;
			buildSettings = {
				ALWAYS_SEARCH_USER_PATHS = NO;
				CLANG_ANALYZER_NONNULL = YES;
				CLANG_ANALYZER_NUMBER_OBJECT_CONVERSION = YES_AGGRESSIVE;
				CLANG_CXX_LANGUAGE_STANDARD = "gnu++17";
				CLANG_CXX_LIBRARY = "libc++";
				CLANG_ENABLE_MODULES = YES;
				CLANG_ENABLE_OBJC_ARC = YES;
				CLANG_ENABLE_OBJC_WEAK = YES;
				CLANG_WARN_BLOCK_CAPTURE_AUTORELEASING = YES;
				CLANG_WARN_BOOL_CONVERSION = YES;
				CLANG_WARN_COMMA = YES;
				CLANG_WARN_CONSTANT_CONVERSION = YES;
				CLANG_WARN_DEPRECATED_OBJC_IMPLEMENTATIONS = YES;
				CLANG_WARN_DIRECT_OBJC_ISA_USAGE = YES_ERROR;
				CLANG_WARN_DOCUMENTATION_COMMENTS = YES;
				CLANG_WARN_EMPTY_BODY = YES;
				CLANG_WARN_ENUM_CONVERSION = YES;
				CLANG_WARN_INFINITE_RECURSION = YES;
				CLANG_WARN_INT_CONVERSION = YES;
				CLANG_WARN_NON_LITERAL_NULL_CONVERSION = YES;
				CLANG_WARN_OBJC_IMPLICIT_RETAIN_SELF = YES;
				CLANG_WARN_OBJC_LITERAL_CONVERSION = YES;
				CLANG_WARN_OBJC_ROOT_CLASS = YES_ERROR;
				CLANG_WARN_QUOTED_INCLUDE_IN_FRAMEWORK_HEADER = YES;
				CLANG_WARN_RANGE_LOOP_ANALYSIS = YES;
				CLANG_WARN_STRICT_PROTOTYPES = YES;
				CLANG_WARN_SUSPICIOUS_MOVE = YES;
				CLANG_WARN_UNGUARDED_AVAILABILITY = YES_AGGRESSIVE;
				CLANG_WARN_UNREACHABLE_CODE = YES;
				CLANG_WARN__DUPLICATE_METHOD_MATCH = YES;
				COPY_PHASE_STRIP = NO;
				DEBUG_INFORMATION_FORMAT = "dwarf-with-dsym";
				ENABLE_NS_ASSERTIONS = NO;
				ENABLE_STRICT_OBJC_MSGSEND = YES;
				GCC_C_LANGUAGE_STANDARD = gnu11;
				GCC_NO_COMMON_BLOCKS = YES;
				GCC_WARN_64_TO_32_BIT_CONVERSION = YES;
				GCC_WARN_ABOUT_RETURN_TYPE = YES_ERROR;
				GCC_WARN_UNDECLARED_SELECTOR = YES;
				GCC_WARN_UNINITIALIZED_AUTOS = YES_AGGRESSIVE;
				GCC_WARN_UNUSED_FUNCTION = YES;
				GCC_WARN_UNUSED_VARIABLE = YES;
				MTL_ENABLE_DEBUG_INFO = NO;
				MTL_FAST_MATH = YES;
				SWIFT_COMPILATION_MODE = wholemodule;
				SWIFT_OPTIMIZATION_LEVEL = "-O";
			};
			name = Release;
		};
		F738245227AC47890023CE33 /* Debug */ = {
			isa = XCBuildConfiguration;
			buildSettings = {
				ASSETCATALOG_COMPILER_APPICON_NAME = AppIcon;
				ASSETCATALOG_COMPILER_GLOBAL_ACCENT_COLOR_NAME = AccentColor;
				CODE_SIGN_STYLE = Automatic;
				CURRENT_PROJECT_VERSION = 1;
				DEVELOPMENT_TEAM = KLWDB45HD8;
				ENABLE_PREVIEWS = YES;
				GENERATE_INFOPLIST_FILE = YES;
				INFOPLIST_KEY_UIApplicationSceneManifest_Generation = YES;
				INFOPLIST_KEY_UIApplicationSupportsIndirectInputEvents = YES;
				INFOPLIST_KEY_UILaunchScreen_Generation = YES;
				INFOPLIST_KEY_UISupportedInterfaceOrientations_iPad = "UIInterfaceOrientationPortrait UIInterfaceOrientationPortraitUpsideDown UIInterfaceOrientationLandscapeLeft UIInterfaceOrientationLandscapeRight";
				INFOPLIST_KEY_UISupportedInterfaceOrientations_iPhone = "UIInterfaceOrientationPortrait UIInterfaceOrientationLandscapeLeft UIInterfaceOrientationLandscapeRight";
				IPHONEOS_DEPLOYMENT_TARGET = 15.0;
				LD_RUNPATH_SEARCH_PATHS = (
					"$(inherited)",
					"@executable_path/Frameworks",
				);
				MARKETING_VERSION = 1.0;
				PRODUCT_BUNDLE_IDENTIFIER = com.tStudio.SwiftUIWebP5js;
				PRODUCT_NAME = SwiftUIWebP5js;
				SDKROOT = iphoneos;
				SWIFT_EMIT_LOC_STRINGS = YES;
				SWIFT_VERSION = 5.0;
				TARGETED_DEVICE_FAMILY = "1,2";
			};
			name = Debug;
		};
		F738245327AC47890023CE33 /* Release */ = {
			isa = XCBuildConfiguration;
			buildSettings = {
				ASSETCATALOG_COMPILER_APPICON_NAME = AppIcon;
				ASSETCATALOG_COMPILER_GLOBAL_ACCENT_COLOR_NAME = AccentColor;
				CODE_SIGN_STYLE = Automatic;
				CURRENT_PROJECT_VERSION = 1;
				DEVELOPMENT_TEAM = KLWDB45HD8;
				ENABLE_PREVIEWS = YES;
				GENERATE_INFOPLIST_FILE = YES;
				INFOPLIST_KEY_UIApplicationSceneManifest_Generation = YES;
				INFOPLIST_KEY_UIApplicationSupportsIndirectInputEvents = YES;
				INFOPLIST_KEY_UILaunchScreen_Generation = YES;
				INFOPLIST_KEY_UISupportedInterfaceOrientations_iPad = "UIInterfaceOrientationPortrait UIInterfaceOrientationPortraitUpsideDown UIInterfaceOrientationLandscapeLeft UIInterfaceOrientationLandscapeRight";
				INFOPLIST_KEY_UISupportedInterfaceOrientations_iPhone = "UIInterfaceOrientationPortrait UIInterfaceOrientationLandscapeLeft UIInterfaceOrientationLandscapeRight";
				IPHONEOS_DEPLOYMENT_TARGET = 15.0;
				LD_RUNPATH_SEARCH_PATHS = (
					"$(inherited)",
					"@executable_path/Frameworks",
				);
				MARKETING_VERSION = 1.0;
				PRODUCT_BUNDLE_IDENTIFIER = com.tStudio.SwiftUIWebP5js;
				PRODUCT_NAME = SwiftUIWebP5js;
				SDKROOT = iphoneos;
				SWIFT_EMIT_LOC_STRINGS = YES;
				SWIFT_VERSION = 5.0;
				TARGETED_DEVICE_FAMILY = "1,2";
				VALIDATE_PRODUCT = YES;
			};
			name = Release;
		};
		F738245527AC47890023CE33 /* Debug */ = {
			isa = XCBuildConfiguration;
			buildSettings = {
				ASSETCATALOG_COMPILER_APPICON_NAME = AppIcon;
				ASSETCATALOG_COMPILER_GLOBAL_ACCENT_COLOR_NAME = AccentColor;
				CODE_SIGN_ENTITLEMENTS = macOS/macOS.entitlements;
				CODE_SIGN_STYLE = Automatic;
				COMBINE_HIDPI_IMAGES = YES;
				CURRENT_PROJECT_VERSION = 1;
				DEVELOPMENT_TEAM = KLWDB45HD8;
				ENABLE_HARDENED_RUNTIME = YES;
				ENABLE_PREVIEWS = YES;
				GENERATE_INFOPLIST_FILE = YES;
				INFOPLIST_KEY_NSHumanReadableCopyright = "";
				LD_RUNPATH_SEARCH_PATHS = (
					"$(inherited)",
					"@executable_path/../Frameworks",
				);
				MACOSX_DEPLOYMENT_TARGET = 12.0;
				MARKETING_VERSION = 1.0;
				PRODUCT_BUNDLE_IDENTIFIER = com.tStudio.SwiftUIWebP5js;
				PRODUCT_NAME = SwiftUIWebP5js;
				SDKROOT = macosx;
				SWIFT_EMIT_LOC_STRINGS = YES;
				SWIFT_VERSION = 5.0;
			};
			name = Debug;
		};
		F738245627AC47890023CE33 /* Release */ = {
			isa = XCBuildConfiguration;
			buildSettings = {
				ASSETCATALOG_COMPILER_APPICON_NAME = AppIcon;
				ASSETCATALOG_COMPILER_GLOBAL_ACCENT_COLOR_NAME = AccentColor;
				CODE_SIGN_ENTITLEMENTS = macOS/macOS.entitlements;
				CODE_SIGN_STYLE = Automatic;
				COMBINE_HIDPI_IMAGES = YES;
				CURRENT_PROJECT_VERSION = 1;
				DEVELOPMENT_TEAM = KLWDB45HD8;
				ENABLE_HARDENED_RUNTIME = YES;
				ENABLE_PREVIEWS = YES;
				GENERATE_INFOPLIST_FILE = YES;
				INFOPLIST_KEY_NSHumanReadableCopyright = "";
				LD_RUNPATH_SEARCH_PATHS = (
					"$(inherited)",
					"@executable_path/../Frameworks",
				);
				MACOSX_DEPLOYMENT_TARGET = 12.0;
				MARKETING_VERSION = 1.0;
				PRODUCT_BUNDLE_IDENTIFIER = com.tStudio.SwiftUIWebP5js;
				PRODUCT_NAME = SwiftUIWebP5js;
				SDKROOT = macosx;
				SWIFT_EMIT_LOC_STRINGS = YES;
				SWIFT_VERSION = 5.0;
			};
			name = Release;
		};
/* End XCBuildConfiguration section */

/* Begin XCConfigurationList section */
		F738243727AC47880023CE33 /* Build configuration list for PBXProject "SwiftUIWebP5js" */ = {
			isa = XCConfigurationList;
			buildConfigurations = (
				F738244F27AC47890023CE33 /* Debug */,
				F738245027AC47890023CE33 /* Release */,
			);
			defaultConfigurationIsVisible = 0;
			defaultConfigurationName = Release;
		};
		F738245127AC47890023CE33 /* Build configuration list for PBXNativeTarget "SwiftUIWebP5js (iOS)" */ = {
			isa = XCConfigurationList;
			buildConfigurations = (
				F738245227AC47890023CE33 /* Debug */,
				F738245327AC47890023CE33 /* Release */,
			);
			defaultConfigurationIsVisible = 0;
			defaultConfigurationName = Release;
		};
		F738245427AC47890023CE33 /* Build configuration list for PBXNativeTarget "SwiftUIWebP5js (macOS)" */ = {
			isa = XCConfigurationList;
			buildConfigurations = (
				F738245527AC47890023CE33 /* Debug */,
				F738245627AC47890023CE33 /* Release */,
			);
			defaultConfigurationIsVisible = 0;
			defaultConfigurationName = Release;
		};
/* End XCConfigurationList section */
	};
	rootObject = F738243427AC47880023CE33 /* Project object */;
}
